
Microsoft Visual Studio Solution File, Format Version 12.00
Project("{FAE04EC0-301F-11D3-BF4B-00C04F79EFBC}") = "ipk-sniffer", "ipk-sniffer\ipk-sniffer.csproj", "{808B1C16-B305-40FB-AD8E-5BDDF2717769}"
EndProject
Global
	GlobalSection(SolutionConfigurationPlatforms) = preSolution
		Debug|Any CPU = Debug|Any CPU
		Release|Any CPU = Release|Any CPU
	EndGlobalSection
	GlobalSection(ProjectConfigurationPlatforms) = postSolution
		{808B1C16-B305-40FB-AD8E-5BDDF2717769}.Debug|Any CPU.ActiveCfg = Debug|Any CPU
		{808B1C16-B305-40FB-AD8E-5BDDF2717769}.Debug|Any CPU.Build.0 = Debug|Any CPU
		{808B1C16-B305-40FB-AD8E-5BDDF2717769}.Release|Any CPU.ActiveCfg = Release|Any CPU
		{808B1C16-B305-40FB-AD8E-5BDDF2717769}.Release|Any CPU.Build.0 = Release|Any CPU
	EndGlobalSection
EndGlobal
